
Microsoft Visual Studio Solution File, Format Version 12.00
# Visual Studio Version 17
VisualStudioVersion = 17.3.32804.467
MinimumVisualStudioVersion = 10.0.40219.1
Project("{FAE04EC0-301F-11D3-BF4B-00C04F79EFBC}") = "DesignStackDone", "DesignStackDone\DesignStackDone.csproj", "{B7BC07CE-624E-4BDA-95AC-387D1225BF8D}"
EndProject
Global
	GlobalSection(SolutionConfigurationPlatforms) = preSolution
		Debug|Any CPU = Debug|Any CPU
		Release|Any CPU = Release|Any CPU
	EndGlobalSection
	GlobalSection(ProjectConfigurationPlatforms) = postSolution
		{B7BC07CE-624E-4BDA-95AC-387D1225BF8D}.Debug|Any CPU.ActiveCfg = Debug|Any CPU
		{B7BC07CE-624E-4BDA-95AC-387D1225BF8D}.Debug|Any CPU.Build.0 = Debug|Any CPU
		{B7BC07CE-624E-4BDA-95AC-387D1225BF8D}.Release|Any CPU.ActiveCfg = Release|Any CPU
		{B7BC07CE-624E-4BDA-95AC-387D1225BF8D}.Release|Any CPU.Build.0 = Release|Any CPU
	EndGlobalSection
	GlobalSection(SolutionProperties) = preSolution
		HideSolutionNode = FALSE
	EndGlobalSection
	GlobalSection(ExtensibilityGlobals) = postSolution
		SolutionGuid = {FF8256D3-0071-4F01-817E-4C341FE4F890}
	EndGlobalSection
EndGlobal
